// !$*UTF8*$!
{
	archiveVersion = 1;
	classes = {
	};
	objectVersion = 46;
	objects = {

/* Begin PBXBuildFile section */
		58F680B51F63D5E50064FB32 /* AppDelegate.swift in Sources */ = {isa = PBXBuildFile; fileRef = 58F680B41F63D5E50064FB32 /* AppDelegate.swift */; };
		58F680B71F63D5E50064FB32 /* ViewController.swift in Sources */ = {isa = PBXBuildFile; fileRef = 58F680B61F63D5E50064FB32 /* ViewController.swift */; };
		58F680BA1F63D5E50064FB32 /* Main.storyboard in Resources */ = {isa = PBXBuildFile; fileRef = 58F680B81F63D5E50064FB32 /* Main.storyboard */; };
		58F680BC1F63D5E50064FB32 /* Assets.xcassets in Resources */ = {isa = PBXBuildFile; fileRef = 58F680BB1F63D5E50064FB32 /* Assets.xcassets */; };
		58F680BF1F63D5E50064FB32 /* LaunchScreen.storyboard in Resources */ = {isa = PBXBuildFile; fileRef = 58F680BD1F63D5E50064FB32 /* LaunchScreen.storyboard */; };
		58F680CA1F63D5E50064FB32 /* login1Tests.swift in Sources */ = {isa = PBXBuildFile; fileRef = 58F680C91F63D5E50064FB32 /* login1Tests.swift */; };
		58F680D51F63D5E50064FB32 /* login1UITests.swift in Sources */ = {isa = PBXBuildFile; fileRef = 58F680D41F63D5E50064FB32 /* login1UITests.swift */; };
/* End PBXBuildFile section */

/* Begin PBXContainerItemProxy section */
		58F680C61F63D5E50064FB32 /* PBXContainerItemProxy */ = {
			isa = PBXContainerItemProxy;
			containerPortal = 58F680A91F63D5E50064FB32 /* Project object */;
			proxyType = 1;
			remoteGlobalIDString = 58F680B01F63D5E50064FB32;
			remoteInfo = login1;
		};
		58F680D11F63D5E50064FB32 /* PBXContainerItemProxy */ = {
			isa = PBXContainerItemProxy;
			containerPortal = 58F680A91F63D5E50064FB32 /* Project object */;
			proxyType = 1;
			remoteGlobalIDString = 58F680B01F63D5E50064FB32;
			remoteInfo = login1;
		};
/* End PBXContainerItemProxy section */

/* Begin PBXFileReference section */
		58F680B11F63D5E50064FB32 /* login1.app */ = {isa = PBXFileReference; explicitFileType = wrapper.application; includeInIndex = 0; path = login1.app; sourceTree = BUILT_PRODUCTS_DIR; };
		58F680B41F63D5E50064FB32 /* AppDelegate.swift */ = {isa = PBXFileReference; lastKnownFileType = sourcecode.swift; path = AppDelegate.swift; sourceTree = "<group>"; };
		58F680B61F63D5E50064FB32 /* ViewController.swift */ = {isa = PBXFileReference; lastKnownFileType = sourcecode.swift; path = ViewController.swift; sourceTree = "<group>"; };
		58F680B91F63D5E50064FB32 /* Base */ = {isa = PBXFileReference; lastKnownFileType = file.storyboard; name = Base; path = Base.lproj/Main.storyboard; sourceTree = "<group>"; };
		58F680BB1F63D5E50064FB32 /* Assets.xcassets */ = {isa = PBXFileReference; lastKnownFileType = folder.assetcatalog; path = Assets.xcassets; sourceTree = "<group>"; };
		58F680BE1F63D5E50064FB32 /* Base */ = {isa = PBXFileReference; lastKnownFileType = file.storyboard; name = Base; path = Base.lproj/LaunchScreen.storyboard; sourceTree = "<group>"; };
		58F680C01F63D5E50064FB32 /* Info.plist */ = {isa = PBXFileReference; lastKnownFileType = text.plist.xml; path = Info.plist; sourceTree = "<group>"; };
		58F680C51F63D5E50064FB32 /* login1Tests.xctest */ = {isa = PBXFileReference; explicitFileType = wrapper.cfbundle; includeInIndex = 0; path = login1Tests.xctest; sourceTree = BUILT_PRODUCTS_DIR; };
		58F680C91F63D5E50064FB32 /* login1Tests.swift */ = {isa = PBXFileReference; lastKnownFileType = sourcecode.swift; path = login1Tests.swift; sourceTree = "<group>"; };
		58F680CB1F63D5E50064FB32 /* Info.plist */ = {isa = PBXFileReference; lastKnownFileType = text.plist.xml; path = Info.plist; sourceTree = "<group>"; };
		58F680D01F63D5E50064FB32 /* login1UITests.xctest */ = {isa = PBXFileReference; explicitFileType = wrapper.cfbundle; includeInIndex = 0; path = login1UITests.xctest; sourceTree = BUILT_PRODUCTS_DIR; };
		58F680D41F63D5E50064FB32 /* login1UITests.swift */ = {isa = PBXFileReference; lastKnownFileType = sourcecode.swift; path = login1UITests.swift; sourceTree = "<group>"; };
		58F680D61F63D5E50064FB32 /* Info.plist */ = {isa = PBXFileReference; lastKnownFileType = text.plist.xml; path = Info.plist; sourceTree = "<group>"; };
/* End PBXFileReference section */

/* Begin PBXFrameworksBuildPhase section */
		58F680AE1F63D5E50064FB32 /* Frameworks */ = {
			isa = PBXFrameworksBuildPhase;
			buildActionMask = 2147483647;
			files = (
			);
			runOnlyForDeploymentPostprocessing = 0;
		};
		58F680C21F63D5E50064FB32 /* Frameworks */ = {
			isa = PBXFrameworksBuildPhase;
			buildActionMask = 2147483647;
			files = (
			);
			runOnlyForDeploymentPostprocessing = 0;
		};
		58F680CD1F63D5E50064FB32 /* Frameworks */ = {
			isa = PBXFrameworksBuildPhase;
			buildActionMask = 2147483647;
			files = (
			);
			runOnlyForDeploymentPostprocessing = 0;
		};
/* End PBXFrameworksBuildPhase section */

/* Begin PBXGroup section */
		58F680A81F63D5E50064FB32 = {
			isa = PBXGroup;
			children = (
				58F680B31F63D5E50064FB32 /* login1 */,
				58F680C81F63D5E50064FB32 /* login1Tests */,
				58F680D31F63D5E50064FB32 /* login1UITests */,
				58F680B21F63D5E50064FB32 /* Products */,
			);
			sourceTree = "<group>";
		};
		58F680B21F63D5E50064FB32 /* Products */ = {
			isa = PBXGroup;
			children = (
				58F680B11F63D5E50064FB32 /* login1.app */,
				58F680C51F63D5E50064FB32 /* login1Tests.xctest */,
				58F680D01F63D5E50064FB32 /* login1UITests.xctest */,
			);
			name = Products;
			sourceTree = "<group>";
		};
		58F680B31F63D5E50064FB32 /* login1 */ = {
			isa = PBXGroup;
			children = (
				58F680B41F63D5E50064FB32 /* AppDelegate.swift */,
				58F680B61F63D5E50064FB32 /* ViewController.swift */,
				58F680B81F63D5E50064FB32 /* Main.storyboard */,
				58F680BB1F63D5E50064FB32 /* Assets.xcassets */,
				58F680BD1F63D5E50064FB32 /* LaunchScreen.storyboard */,
				58F680C01F63D5E50064FB32 /* Info.plist */,
			);
			path = login1;
			sourceTree = "<group>";
		};
		58F680C81F63D5E50064FB32 /* login1Tests */ = {
			isa = PBXGroup;
			children = (
				58F680C91F63D5E50064FB32 /* login1Tests.swift */,
				58F680CB1F63D5E50064FB32 /* Info.plist */,
			);
			path = login1Tests;
			sourceTree = "<group>";
		};
		58F680D31F63D5E50064FB32 /* login1UITests */ = {
			isa = PBXGroup;
			children = (
				58F680D41F63D5E50064FB32 /* login1UITests.swift */,
				58F680D61F63D5E50064FB32 /* Info.plist */,
			);
			path = login1UITests;
			sourceTree = "<group>";
		};
/* End PBXGroup section */

/* Begin PBXNativeTarget section */
		58F680B01F63D5E50064FB32 /* login1 */ = {
			isa = PBXNativeTarget;
			buildConfigurationList = 58F680D91F63D5E50064FB32 /* Build configuration list for PBXNativeTarget "login1" */;
			buildPhases = (
				58F680AD1F63D5E50064FB32 /* Sources */,
				58F680AE1F63D5E50064FB32 /* Frameworks */,
				58F680AF1F63D5E50064FB32 /* Resources */,
			);
			buildRules = (
			);
			dependencies = (
			);
			name = login1;
			productName = login1;
			productReference = 58F680B11F63D5E50064FB32 /* login1.app */;
			productType = "com.apple.product-type.application";
		};
		58F680C41F63D5E50064FB32 /* login1Tests */ = {
			isa = PBXNativeTarget;
			buildConfigurationList = 58F680DC1F63D5E50064FB32 /* Build configuration list for PBXNativeTarget "login1Tests" */;
			buildPhases = (
				58F680C11F63D5E50064FB32 /* Sources */,
				58F680C21F63D5E50064FB32 /* Frameworks */,
				58F680C31F63D5E50064FB32 /* Resources */,
			);
			buildRules = (
			);
			dependencies = (
				58F680C71F63D5E50064FB32 /* PBXTargetDependency */,
			);
			name = login1Tests;
			productName = login1Tests;
			productReference = 58F680C51F63D5E50064FB32 /* login1Tests.xctest */;
			productType = "com.apple.product-type.bundle.unit-test";
		};
		58F680CF1F63D5E50064FB32 /* login1UITests */ = {
			isa = PBXNativeTarget;
			buildConfigurationList = 58F680DF1F63D5E50064FB32 /* Build configuration list for PBXNativeTarget "login1UITests" */;
			buildPhases = (
				58F680CC1F63D5E50064FB32 /* Sources */,
				58F680CD1F63D5E50064FB32 /* Frameworks */,
				58F680CE1F63D5E50064FB32 /* Resources */,
			);
			buildRules = (
			);
			dependencies = (
				58F680D21F63D5E50064FB32 /* PBXTargetDependency */,
			);
			name = login1UITests;
			productName = login1UITests;
			productReference = 58F680D01F63D5E50064FB32 /* login1UITests.xctest */;
			productType = "com.apple.product-type.bundle.ui-testing";
		};
/* End PBXNativeTarget section */

/* Begin PBXProject section */
		58F680A91F63D5E50064FB32 /* Project object */ = {
			isa = PBXProject;
			attributes = {
				LastSwiftUpdateCheck = 0830;
				LastUpgradeCheck = 0830;
				ORGANIZATIONNAME = TAWATER;
				TargetAttributes = {
					58F680B01F63D5E50064FB32 = {
						CreatedOnToolsVersion = 8.3.3;
						ProvisioningStyle = Automatic;
					};
					58F680C41F63D5E50064FB32 = {
						CreatedOnToolsVersion = 8.3.3;
						ProvisioningStyle = Automatic;
						TestTargetID = 58F680B01F63D5E50064FB32;
					};
					58F680CF1F63D5E50064FB32 = {
						CreatedOnToolsVersion = 8.3.3;
						ProvisioningStyle = Automatic;
						TestTargetID = 58F680B01F63D5E50064FB32;
					};
				};
			};
			buildConfigurationList = 58F680AC1F63D5E50064FB32 /* Build configuration list for PBXProject "login1" */;
			compatibilityVersion = "Xcode 3.2";
			developmentRegion = English;
			hasScannedForEncodings = 0;
			knownRegions = (
				en,
				Base,
			);
			mainGroup = 58F680A81F63D5E50064FB32;
			productRefGroup = 58F680B21F63D5E50064FB32 /* Products */;
			projectDirPath = "";
			projectRoot = "";
			targets = (
				58F680B01F63D5E50064FB32 /* login1 */,
				58F680C41F63D5E50064FB32 /* login1Tests */,
				58F680CF1F63D5E50064FB32 /* login1UITests */,
			);
		};
/* End PBXProject section */

/* Begin PBXResourcesBuildPhase section */
		58F680AF1F63D5E50064FB32 /* Resources */ = {
			isa = PBXResourcesBuildPhase;
			buildActionMask = 2147483647;
			files = (
				58F680BF1F63D5E50064FB32 /* LaunchScreen.storyboard in Resources */,
				58F680BC1F63D5E50064FB32 /* Assets.xcassets in Resources */,
				58F680BA1F63D5E50064FB32 /* Main.storyboard in Resources */,
			);
			runOnlyForDeploymentPostprocessing = 0;
		};
		58F680C31F63D5E50064FB32 /* Resources */ = {
			isa = PBXResourcesBuildPhase;
			buildActionMask = 2147483647;
			files = (
			);
			runOnlyForDeploymentPostprocessing = 0;
		};
		58F680CE1F63D5E50064FB32 /* Resources */ = {
			isa = PBXResourcesBuildPhase;
			buildActionMask = 2147483647;
			files = (
			);
			runOnlyForDeploymentPostprocessing = 0;
		};
/* End PBXResourcesBuildPhase section */

/* Begin PBXSourcesBuildPhase section */
		58F680AD1F63D5E50064FB32 /* Sources */ = {
			isa = PBXSourcesBuildPhase;
			buildActionMask = 2147483647;
			files = (
				58F680B71F63D5E50064FB32 /* ViewController.swift in Sources */,
				58F680B51F63D5E50064FB32 /* AppDelegate.swift in Sources */,
			);
			runOnlyForDeploymentPostprocessing = 0;
		};
		58F680C11F63D5E50064FB32 /* Sources */ = {
			isa = PBXSourcesBuildPhase;
			buildActionMask = 2147483647;
			files = (
				58F680CA1F63D5E50064FB32 /* login1Tests.swift in Sources */,
			);
			runOnlyForDeploymentPostprocessing = 0;
		};
		58F680CC1F63D5E50064FB32 /* Sources */ = {
			isa = PBXSourcesBuildPhase;
			buildActionMask = 2147483647;
			files = (
				58F680D51F63D5E50064FB32 /* login1UITests.swift in Sources */,
			);
			runOnlyForDeploymentPostprocessing = 0;
		};
/* End PBXSourcesBuildPhase section */

/* Begin PBXTargetDependency section */
		58F680C71F63D5E50064FB32 /* PBXTargetDependency */ = {
			isa = PBXTargetDependency;
			target = 58F680B01F63D5E50064FB32 /* login1 */;
			targetProxy = 58F680C61F63D5E50064FB32 /* PBXContainerItemProxy */;
		};
		58F680D21F63D5E50064FB32 /* PBXTargetDependency */ = {
			isa = PBXTargetDependency;
			target = 58F680B01F63D5E50064FB32 /* login1 */;
			targetProxy = 58F680D11F63D5E50064FB32 /* PBXContainerItemProxy */;
		};
/* End PBXTargetDependency section */

/* Begin PBXVariantGroup section */
		58F680B81F63D5E50064FB32 /* Main.storyboard */ = {
			isa = PBXVariantGroup;
			children = (
				58F680B91F63D5E50064FB32 /* Base */,
			);
			name = Main.storyboard;
			sourceTree = "<group>";
		};
		58F680BD1F63D5E50064FB32 /* LaunchScreen.storyboard */ = {
			isa = PBXVariantGroup;
			children = (
				58F680BE1F63D5E50064FB32 /* Base */,
			);
			name = LaunchScreen.storyboard;
			sourceTree = "<group>";
		};
/* End PBXVariantGroup section */

/* Begin XCBuildConfiguration section */
		58F680D71F63D5E50064FB32 /* Debug */ = {
			isa = XCBuildConfiguration;
			buildSettings = {
				ALWAYS_SEARCH_USER_PATHS = NO;
				CLANG_ANALYZER_NONNULL = YES;
				CLANG_ANALYZER_NUMBER_OBJECT_CONVERSION = YES_AGGRESSIVE;
				CLANG_CXX_LANGUAGE_STANDARD = "gnu++0x";
				CLANG_CXX_LIBRARY = "libc++";
				CLANG_ENABLE_MODULES = YES;
				CLANG_ENABLE_OBJC_ARC = YES;
				CLANG_WARN_BOOL_CONVERSION = YES;
				CLANG_WARN_CONSTANT_CONVERSION = YES;
				CLANG_WARN_DIRECT_OBJC_ISA_USAGE = YES_ERROR;
				CLANG_WARN_DOCUMENTATION_COMMENTS = YES;
				CLANG_WARN_EMPTY_BODY = YES;
				CLANG_WARN_ENUM_CONVERSION = YES;
				CLANG_WARN_INFINITE_RECURSION = YES;
				CLANG_WARN_INT_CONVERSION = YES;
				CLANG_WARN_OBJC_ROOT_CLASS = YES_ERROR;
				CLANG_WARN_SUSPICIOUS_MOVE = YES;
				CLANG_WARN_UNREACHABLE_CODE = YES;
				CLANG_WARN__DUPLICATE_METHOD_MATCH = YES;
				"CODE_SIGN_IDENTITY[sdk=iphoneos*]" = "iPhone Developer";
				COPY_PHASE_STRIP = NO;
				DEBUG_INFORMATION_FORMAT = dwarf;
				ENABLE_STRICT_OBJC_MSGSEND = YES;
				ENABLE_TESTABILITY = YES;
				GCC_C_LANGUAGE_STANDARD = gnu99;
				GCC_DYNAMIC_NO_PIC = NO;
				GCC_NO_COMMON_BLOCKS = YES;
				GCC_OPTIMIZATION_LEVEL = 0;
				GCC_PREPROCESSOR_DEFINITIONS = (
					"DEBUG=1",
					"$(inherited)",
				);
				GCC_WARN_64_TO_32_BIT_CONVERSION = YES;
				GCC_WARN_ABOUT_RETURN_TYPE = YES_ERROR;
				GCC_WARN_UNDECLARED_SELECTOR = YES;
				GCC_WARN_UNINITIALIZED_AUTOS = YES_AGGRESSIVE;
				GCC_WARN_UNUSED_FUNCTION = YES;
				GCC_WARN_UNUSED_VARIABLE = YES;
				IPHONEOS_DEPLOYMENT_TARGET = 10.3;
				MTL_ENABLE_DEBUG_INFO = YES;
				ONLY_ACTIVE_ARCH = YES;
				SDKROOT = iphoneos;
				SWIFT_ACTIVE_COMPILATION_CONDITIONS = DEBUG;
				SWIFT_OPTIMIZATION_LEVEL = "-Onone";
				TARGETED_DEVICE_FAMILY = "1,2";
			};
			name = Debug;
		};
		58F680D81F63D5E50064FB32 /* Release */ = {
			isa = XCBuildConfiguration;
			buildSettings = {
				ALWAYS_SEARCH_USER_PATHS = NO;
				CLANG_ANALYZER_NONNULL = YES;
				CLANG_ANALYZER_NUMBER_OBJECT_CONVERSION = YES_AGGRESSIVE;
				CLANG_CXX_LANGUAGE_STANDARD = "gnu++0x";
				CLANG_CXX_LIBRARY = "libc++";
				CLANG_ENABLE_MODULES = YES;
				CLANG_ENABLE_OBJC_ARC = YES;
				CLANG_WARN_BOOL_CONVERSION = YES;
				CLANG_WARN_CONSTANT_CONVERSION = YES;
				CLANG_WARN_DIRECT_OBJC_ISA_USAGE = YES_ERROR;
				CLANG_WARN_DOCUMENTATION_COMMENTS = YES;
				CLANG_WARN_EMPTY_BODY = YES;
				CLANG_WARN_ENUM_CONVERSION = YES;
				CLANG_WARN_INFINITE_RECURSION = YES;
				CLANG_WARN_INT_CONVERSION = YES;
				CLANG_WARN_OBJC_ROOT_CLASS = YES_ERROR;
				CLANG_WARN_SUSPICIOUS_MOVE = YES;
				CLANG_WARN_UNREACHABLE_CODE = YES;
				CLANG_WARN__DUPLICATE_METHOD_MATCH = YES;
				"CODE_SIGN_IDENTITY[sdk=iphoneos*]" = "iPhone Developer";
				COPY_PHASE_STRIP = NO;
				DEBUG_INFORMATION_FORMAT = "dwarf-with-dsym";
				ENABLE_NS_ASSERTIONS = NO;
				ENABLE_STRICT_OBJC_MSGSEND = YES;
				GCC_C_LANGUAGE_STANDARD = gnu99;
				GCC_NO_COMMON_BLOCKS = YES;
				GCC_WARN_64_TO_32_BIT_CONVERSION = YES;
				GCC_WARN_ABOUT_RETURN_TYPE = YES_ERROR;
				GCC_WARN_UNDECLARED_SELECTOR = YES;
				GCC_WARN_UNINITIALIZED_AUTOS = YES_AGGRESSIVE;
				GCC_WARN_UNUSED_FUNCTION = YES;
				GCC_WARN_UNUSED_VARIABLE = YES;
				IPHONEOS_DEPLOYMENT_TARGET = 10.3;
				MTL_ENABLE_DEBUG_INFO = NO;
				SDKROOT = iphoneos;
				SWIFT_OPTIMIZATION_LEVEL = "-Owholemodule";
				TARGETED_DEVICE_FAMILY = "1,2";
				VALIDATE_PRODUCT = YES;
			};
			name = Release;
		};
		58F680DA1F63D5E50064FB32 /* Debug */ = {
			isa = XCBuildConfiguration;
			buildSettings = {
				ASSETCATALOG_COMPILER_APPICON_NAME = AppIcon;
				INFOPLIST_FILE = login1/Info.plist;
				LD_RUNPATH_SEARCH_PATHS = "$(inherited) @executable_path/Frameworks";
				PRODUCT_BUNDLE_IDENTIFIER = app.TAWATER.login1;
				PRODUCT_NAME = "$(TARGET_NAME)";
				SWIFT_VERSION = 3.0;
			};
			name = Debug;
		};
		58F680DB1F63D5E50064FB32 /* Release */ = {
			isa = XCBuildConfiguration;
			buildSettings = {
				ASSETCATALOG_COMPILER_APPICON_NAME = AppIcon;
				INFOPLIST_FILE = login1/Info.plist;
				LD_RUNPATH_SEARCH_PATHS = "$(inherited) @executable_path/Frameworks";
				PRODUCT_BUNDLE_IDENTIFIER = app.TAWATER.login1;
				PRODUCT_NAME = "$(TARGET_NAME)";
				SWIFT_VERSION = 3.0;
			};
			name = Release;
		};
		58F680DD1F63D5E50064FB32 /* Debug */ = {
			isa = XCBuildConfiguration;
			buildSettings = {
				ALWAYS_EMBED_SWIFT_STANDARD_LIBRARIES = YES;
				BUNDLE_LOADER = "$(TEST_HOST)";
				INFOPLIST_FILE = login1Tests/Info.plist;
				LD_RUNPATH_SEARCH_PATHS = "$(inherited) @executable_path/Frameworks @loader_path/Frameworks";
				PRODUCT_BUNDLE_IDENTIFIER = app.TAWATER.login1Tests;
				PRODUCT_NAME = "$(TARGET_NAME)";
				SWIFT_VERSION = 3.0;
				TEST_HOST = "$(BUILT_PRODUCTS_DIR)/login1.app/login1";
			};
			name = Debug;
		};
		58F680DE1F63D5E50064FB32 /* Release */ = {
			isa = XCBuildConfiguration;
			buildSettings = {
				ALWAYS_EMBED_SWIFT_STANDARD_LIBRARIES = YES;
				BUNDLE_LOADER = "$(TEST_HOST)";
				INFOPLIST_FILE = login1Tests/Info.plist;
				LD_RUNPATH_SEARCH_PATHS = "$(inherited) @executable_path/Frameworks @loader_path/Frameworks";
				PRODUCT_BUNDLE_IDENTIFIER = app.TAWATER.login1Tests;
				PRODUCT_NAME = "$(TARGET_NAME)";
				SWIFT_VERSION = 3.0;
				TEST_HOST = "$(BUILT_PRODUCTS_DIR)/login1.app/login1";
			};
			name = Release;
		};
		58F680E01F63D5E50064FB32 /* Debug */ = {
			isa = XCBuildConfiguration;
			buildSettings = {
				ALWAYS_EMBED_SWIFT_STANDARD_LIBRARIES = YES;
				INFOPLIST_FILE = login1UITests/Info.plist;
				LD_RUNPATH_SEARCH_PATHS = "$(inherited) @executable_path/Frameworks @loader_path/Frameworks";
				PRODUCT_BUNDLE_IDENTIFIER = app.TAWATER.login1UITests;
				PRODUCT_NAME = "$(TARGET_NAME)";
				SWIFT_VERSION = 3.0;
				TEST_TARGET_NAME = login1;
			};
			name = Debug;
		};
		58F680E11F63D5E50064FB32 /* Release */ = {
			isa = XCBuildConfiguration;
			buildSettings = {
				ALWAYS_EMBED_SWIFT_STANDARD_LIBRARIES = YES;
				INFOPLIST_FILE = login1UITests/Info.plist;
				LD_RUNPATH_SEARCH_PATHS = "$(inherited) @executable_path/Frameworks @loader_path/Frameworks";
				PRODUCT_BUNDLE_IDENTIFIER = app.TAWATER.login1UITests;
				PRODUCT_NAME = "$(TARGET_NAME)";
				SWIFT_VERSION = 3.0;
				TEST_TARGET_NAME = login1;
			};
			name = Release;
		};
/* End XCBuildConfiguration section */

/* Begin XCConfigurationList section */
		58F680AC1F63D5E50064FB32 /* Build configuration list for PBXProject "login1" */ = {
			isa = XCConfigurationList;
			buildConfigurations = (
				58F680D71F63D5E50064FB32 /* Debug */,
				58F680D81F63D5E50064FB32 /* Release */,
			);
			defaultConfigurationIsVisible = 0;
			defaultConfigurationName = Release;
		};
		58F680D91F63D5E50064FB32 /* Build configuration list for PBXNativeTarget "login1" */ = {
			isa = XCConfigurationList;
			buildConfigurations = (
				58F680DA1F63D5E50064FB32 /* Debug */,
				58F680DB1F63D5E50064FB32 /* Release */,
			);
			defaultConfigurationIsVisible = 0;
		};
		58F680DC1F63D5E50064FB32 /* Build configuration list for PBXNativeTarget "login1Tests" */ = {
			isa = XCConfigurationList;
			buildConfigurations = (
				58F680DD1F63D5E50064FB32 /* Debug */,
				58F680DE1F63D5E50064FB32 /* Release */,
			);
			defaultConfigurationIsVisible = 0;
		};
		58F680DF1F63D5E50064FB32 /* Build configuration list for PBXNativeTarget "login1UITests" */ = {
			isa = XCConfigurationList;
			buildConfigurations = (
				58F680E01F63D5E50064FB32 /* Debug */,
				58F680E11F63D5E50064FB32 /* Release */,
			);
			defaultConfigurationIsVisible = 0;
		};
/* End XCConfigurationList section */
	};
	rootObject = 58F680A91F63D5E50064FB32 /* Project object */;
}
